{
  "nodes": {
    "disko": {
      "inputs": {
        "nixpkgs": [
          "nixpkgs"
        ]
      },
      "locked": {
        "lastModified": 1704741201,
        "narHash": "sha256-Y420NeqPWRSpxHpXsxhKILfTxT5exjtTgCgDwSpcEfU=",
        "owner": "nix-community",
        "repo": "disko",
        "rev": "f0a3425a7b173701922e7959d8bfb136ef53aa54",
        "type": "github"
      },
      "original": {
        "owner": "nix-community",
        "repo": "disko",
        "type": "github"
      }
    },
    "nixpkgs": {
      "locked": {
        "lastModified": 1704626572,
        "narHash": "sha256-VwRTEKzK4wSSv64G+g3RLF3t6yBHrhR2VK3kZ5UWisU=",
        "owner": "NixOS",
        "repo": "nixpkgs",
        "rev": "24fe8bb4f552ad3926274d29e083b79d84707da6",
        "type": "github"
      },
      "original": {
        "owner": "NixOS",
        "ref": "nixpkgs-unstable",
        "repo": "nixpkgs",
        "type": "github"
      }
    },
    "root": {
      "inputs": {
        "disko": "disko",
        "nixpkgs": "nixpkgs"
      }
    }
  },
  "root": "root",
  "version": 7
}
